
Microsoft Visual Studio Solution File, Format Version 12.00
Project("{FAE04EC0-301F-11D3-BF4B-00C04F79EFBC}") = "DistanceCalculate", "DistanceCalculate\DistanceCalculate.csproj", "{3878458A-2EE1-4F63-AB23-57FAB6647063}"
EndProject
Global
	GlobalSection(SolutionConfigurationPlatforms) = preSolution
		Debug|Any CPU = Debug|Any CPU
		Release|Any CPU = Release|Any CPU
	EndGlobalSection
	GlobalSection(ProjectConfigurationPlatforms) = postSolution
		{3878458A-2EE1-4F63-AB23-57FAB6647063}.Debug|Any CPU.ActiveCfg = Debug|Any CPU
		{3878458A-2EE1-4F63-AB23-57FAB6647063}.Debug|Any CPU.Build.0 = Debug|Any CPU
		{3878458A-2EE1-4F63-AB23-57FAB6647063}.Release|Any CPU.ActiveCfg = Release|Any CPU
		{3878458A-2EE1-4F63-AB23-57FAB6647063}.Release|Any CPU.Build.0 = Release|Any CPU
	EndGlobalSection
EndGlobal
