
Microsoft Visual Studio Solution File, Format Version 12.00
Project("{FAE04EC0-301F-11D3-BF4B-00C04F79EFBC}") = "Distance-Calculate", "Distance-Calculate\Distance-Calculate.csproj", "{49514B13-1E5F-4764-8CD4-FC1EC1365EFF}"
EndProject
Global
	GlobalSection(SolutionConfigurationPlatforms) = preSolution
		Debug|Any CPU = Debug|Any CPU
		Release|Any CPU = Release|Any CPU
	EndGlobalSection
	GlobalSection(ProjectConfigurationPlatforms) = postSolution
		{49514B13-1E5F-4764-8CD4-FC1EC1365EFF}.Debug|Any CPU.ActiveCfg = Debug|Any CPU
		{49514B13-1E5F-4764-8CD4-FC1EC1365EFF}.Debug|Any CPU.Build.0 = Debug|Any CPU
		{49514B13-1E5F-4764-8CD4-FC1EC1365EFF}.Release|Any CPU.ActiveCfg = Release|Any CPU
		{49514B13-1E5F-4764-8CD4-FC1EC1365EFF}.Release|Any CPU.Build.0 = Release|Any CPU
	EndGlobalSection
EndGlobal
